
Microsoft Visual Studio Solution File, Format Version 12.00
# Visual Studio 2013
VisualStudioVersion = 12.0.30723.0
MinimumVisualStudioVersion = 10.0.40219.1
Project("{FAE04EC0-301F-11D3-BF4B-00C04F79EFBC}") = "LockDuinoConsole", "Console\LockDuinoConsole.csproj", "{3A73C657-EEB2-4ECC-BA4A-B920E661167E}"
EndProject
Project("{FAE04EC0-301F-11D3-BF4B-00C04F79EFBC}") = "LockDuinoSystemTray", "SystemTray\LockDuinoSystemTray.csproj", "{F317AF2E-9704-4A2A-BDAE-B4662ED9483B}"
EndProject
Project("{2150E333-8FDC-42A3-9474-1A3956D46DE8}") = "Solution Items", "Solution Items", "{5D0A5701-181F-46AF-ACA6-7713F28E9F34}"
	ProjectSection(SolutionItems) = preProject
		Arduino\LockDuino.ino = Arduino\LockDuino.ino
		Arduino\Ultrasonic.zip = Arduino\Ultrasonic.zip
	EndProjectSection
EndProject
Project("{FAE04EC0-301F-11D3-BF4B-00C04F79EFBC}") = "LockDuinoAPI", "LockDuinoAPI\LockDuinoAPI.csproj", "{D6459004-21E8-4EEB-8157-EFCEEEDBDE77}"
EndProject
Global
	GlobalSection(TeamFoundationVersionControl) = preSolution
		SccNumberOfProjects = 4
		SccEnterpriseProvider = {4CA58AB2-18FA-4F8D-95D4-32DDF27D184C}
		SccTeamFoundationServer = http://vstfeco:8080/tfs/production
		SccLocalPath0 = .
		SccProjectUniqueName1 = Console\\LockDuinoConsole.csproj
		SccProjectName1 = Console
		SccLocalPath1 = Console
		SccProjectUniqueName2 = LockDuinoAPI\\LockDuinoAPI.csproj
		SccProjectName2 = LockDuinoAPI
		SccLocalPath2 = LockDuinoAPI
		SccProjectUniqueName3 = SystemTray\\LockDuinoSystemTray.csproj
		SccProjectName3 = SystemTray
		SccLocalPath3 = SystemTray
	EndGlobalSection
	GlobalSection(SolutionConfigurationPlatforms) = preSolution
		Debug|Any CPU = Debug|Any CPU
		Debug|Mixed Platforms = Debug|Mixed Platforms
		Debug|x86 = Debug|x86
		Release|Any CPU = Release|Any CPU
		Release|Mixed Platforms = Release|Mixed Platforms
		Release|x86 = Release|x86
	EndGlobalSection
	GlobalSection(ProjectConfigurationPlatforms) = postSolution
		{3A73C657-EEB2-4ECC-BA4A-B920E661167E}.Debug|Any CPU.ActiveCfg = Debug|Any CPU
		{3A73C657-EEB2-4ECC-BA4A-B920E661167E}.Debug|Any CPU.Build.0 = Debug|Any CPU
		{3A73C657-EEB2-4ECC-BA4A-B920E661167E}.Debug|Mixed Platforms.ActiveCfg = Debug|Any CPU
		{3A73C657-EEB2-4ECC-BA4A-B920E661167E}.Debug|Mixed Platforms.Build.0 = Debug|Any CPU
		{3A73C657-EEB2-4ECC-BA4A-B920E661167E}.Debug|x86.ActiveCfg = Debug|Any CPU
		{3A73C657-EEB2-4ECC-BA4A-B920E661167E}.Release|Any CPU.ActiveCfg = Release|Any CPU
		{3A73C657-EEB2-4ECC-BA4A-B920E661167E}.Release|Any CPU.Build.0 = Release|Any CPU
		{3A73C657-EEB2-4ECC-BA4A-B920E661167E}.Release|Mixed Platforms.ActiveCfg = Release|Any CPU
		{3A73C657-EEB2-4ECC-BA4A-B920E661167E}.Release|Mixed Platforms.Build.0 = Release|Any CPU
		{3A73C657-EEB2-4ECC-BA4A-B920E661167E}.Release|x86.ActiveCfg = Release|Any CPU
		{F317AF2E-9704-4A2A-BDAE-B4662ED9483B}.Debug|Any CPU.ActiveCfg = Debug|x86
		{F317AF2E-9704-4A2A-BDAE-B4662ED9483B}.Debug|Mixed Platforms.ActiveCfg = Debug|x86
		{F317AF2E-9704-4A2A-BDAE-B4662ED9483B}.Debug|Mixed Platforms.Build.0 = Debug|x86
		{F317AF2E-9704-4A2A-BDAE-B4662ED9483B}.Debug|x86.ActiveCfg = Debug|x86
		{F317AF2E-9704-4A2A-BDAE-B4662ED9483B}.Debug|x86.Build.0 = Debug|x86
		{F317AF2E-9704-4A2A-BDAE-B4662ED9483B}.Release|Any CPU.ActiveCfg = Release|x86
		{F317AF2E-9704-4A2A-BDAE-B4662ED9483B}.Release|Mixed Platforms.ActiveCfg = Release|x86
		{F317AF2E-9704-4A2A-BDAE-B4662ED9483B}.Release|Mixed Platforms.Build.0 = Release|x86
		{F317AF2E-9704-4A2A-BDAE-B4662ED9483B}.Release|x86.ActiveCfg = Release|x86
		{F317AF2E-9704-4A2A-BDAE-B4662ED9483B}.Release|x86.Build.0 = Release|x86
		{D6459004-21E8-4EEB-8157-EFCEEEDBDE77}.Debug|Any CPU.ActiveCfg = Debug|Any CPU
		{D6459004-21E8-4EEB-8157-EFCEEEDBDE77}.Debug|Any CPU.Build.0 = Debug|Any CPU
		{D6459004-21E8-4EEB-8157-EFCEEEDBDE77}.Debug|Mixed Platforms.ActiveCfg = Debug|Any CPU
		{D6459004-21E8-4EEB-8157-EFCEEEDBDE77}.Debug|Mixed Platforms.Build.0 = Debug|Any CPU
		{D6459004-21E8-4EEB-8157-EFCEEEDBDE77}.Debug|x86.ActiveCfg = Debug|Any CPU
		{D6459004-21E8-4EEB-8157-EFCEEEDBDE77}.Release|Any CPU.ActiveCfg = Release|Any CPU
		{D6459004-21E8-4EEB-8157-EFCEEEDBDE77}.Release|Any CPU.Build.0 = Release|Any CPU
		{D6459004-21E8-4EEB-8157-EFCEEEDBDE77}.Release|Mixed Platforms.ActiveCfg = Release|Any CPU
		{D6459004-21E8-4EEB-8157-EFCEEEDBDE77}.Release|Mixed Platforms.Build.0 = Release|Any CPU
		{D6459004-21E8-4EEB-8157-EFCEEEDBDE77}.Release|x86.ActiveCfg = Release|Any CPU
	EndGlobalSection
	GlobalSection(SolutionProperties) = preSolution
		HideSolutionNode = FALSE
	EndGlobalSection
EndGlobal
